
Microsoft Visual Studio Solution File, Format Version 12.00
# Visual Studio 15
VisualStudioVersion = 15.0.27703.2000
MinimumVisualStudioVersion = 10.0.40219.1
Project("{E24C65DC-7377-472B-9ABA-BC803B73C61A}") = "qs-ngchips-playground", ".", "{41EF966B-44BF-4CF0-A3A0-4E9E7AD9DD64}"
	ProjectSection(WebsiteProperties) = preProject
		TargetFrameworkMoniker = ".NETFramework,Version%3Dv4.0"
		Debug.AspNetCompiler.VirtualPath = "/localhost_49678"
		Debug.AspNetCompiler.PhysicalPath = "..\qs-ngchips-playground\"
		Debug.AspNetCompiler.TargetPath = "PrecompiledWeb\localhost_49678\"
		Debug.AspNetCompiler.Updateable = "true"
		Debug.AspNetCompiler.ForceOverwrite = "true"
		Debug.AspNetCompiler.FixedNames = "false"
		Debug.AspNetCompiler.Debug = "True"
		Release.AspNetCompiler.VirtualPath = "/localhost_49678"
		Release.AspNetCompiler.PhysicalPath = "..\qs-ngchips-playground\"
		Release.AspNetCompiler.TargetPath = "PrecompiledWeb\localhost_49678\"
		Release.AspNetCompiler.Updateable = "true"
		Release.AspNetCompiler.ForceOverwrite = "true"
		Release.AspNetCompiler.FixedNames = "false"
		Release.AspNetCompiler.Debug = "False"
		VWDPort = "49678"
		SlnRelativePath = "..\qs-ngchips-playground\"
	EndProjectSection
EndProject
Project("{E24C65DC-7377-472B-9ABA-BC803B73C61A}") = "qs-ngchips", "..\", "{46523CD2-5394-4171-A666-EB1DC0D44331}"
	ProjectSection(WebsiteProperties) = preProject
		TargetFrameworkMoniker = ".NETFramework,Version%3Dv4.0"
		Debug.AspNetCompiler.VirtualPath = "/localhost_49715"
		Debug.AspNetCompiler.PhysicalPath = "..\..\qs-ngchips\"
		Debug.AspNetCompiler.TargetPath = "PrecompiledWeb\localhost_49715\"
		Debug.AspNetCompiler.Updateable = "true"
		Debug.AspNetCompiler.ForceOverwrite = "true"
		Debug.AspNetCompiler.FixedNames = "false"
		Debug.AspNetCompiler.Debug = "True"
		Release.AspNetCompiler.VirtualPath = "/localhost_49715"
		Release.AspNetCompiler.PhysicalPath = "..\..\qs-ngchips\"
		Release.AspNetCompiler.TargetPath = "PrecompiledWeb\localhost_49715\"
		Release.AspNetCompiler.Updateable = "true"
		Release.AspNetCompiler.ForceOverwrite = "true"
		Release.AspNetCompiler.FixedNames = "false"
		Release.AspNetCompiler.Debug = "False"
		VWDPort = "49715"
		SlnRelativePath = "..\..\qs-ngchips\"
	EndProjectSection
EndProject
Global
	GlobalSection(SolutionConfigurationPlatforms) = preSolution
		Debug|Any CPU = Debug|Any CPU
	EndGlobalSection
	GlobalSection(ProjectConfigurationPlatforms) = postSolution
		{41EF966B-44BF-4CF0-A3A0-4E9E7AD9DD64}.Debug|Any CPU.ActiveCfg = Debug|Any CPU
		{41EF966B-44BF-4CF0-A3A0-4E9E7AD9DD64}.Debug|Any CPU.Build.0 = Debug|Any CPU
		{46523CD2-5394-4171-A666-EB1DC0D44331}.Debug|Any CPU.ActiveCfg = Debug|Any CPU
		{46523CD2-5394-4171-A666-EB1DC0D44331}.Debug|Any CPU.Build.0 = Debug|Any CPU
	EndGlobalSection
	GlobalSection(SolutionProperties) = preSolution
		HideSolutionNode = FALSE
	EndGlobalSection
	GlobalSection(ExtensibilityGlobals) = postSolution
		SolutionGuid = {CDE3F07A-AA8D-4675-91B6-5CD96603508E}
	EndGlobalSection
EndGlobal
